
Microsoft Visual Studio Solution File, Format Version 12.00
# Visual Studio Version 17
VisualStudioVersion = 17.9.34616.47
MinimumVisualStudioVersion = 10.0.40219.1
Project("{FAE04EC0-301F-11D3-BF4B-00C04F79EFBC}") = "Rehber", "Rehber\Rehber.csproj", "{5DF76E9C-7AD7-4B8C-9D55-CBCD6F893D56}"
EndProject
Global
	GlobalSection(SolutionConfigurationPlatforms) = preSolution
		Debug|Any CPU = Debug|Any CPU
		Release|Any CPU = Release|Any CPU
	EndGlobalSection
	GlobalSection(ProjectConfigurationPlatforms) = postSolution
		{5DF76E9C-7AD7-4B8C-9D55-CBCD6F893D56}.Debug|Any CPU.ActiveCfg = Debug|Any CPU
		{5DF76E9C-7AD7-4B8C-9D55-CBCD6F893D56}.Debug|Any CPU.Build.0 = Debug|Any CPU
		{5DF76E9C-7AD7-4B8C-9D55-CBCD6F893D56}.Release|Any CPU.ActiveCfg = Release|Any CPU
		{5DF76E9C-7AD7-4B8C-9D55-CBCD6F893D56}.Release|Any CPU.Build.0 = Release|Any CPU
	EndGlobalSection
	GlobalSection(SolutionProperties) = preSolution
		HideSolutionNode = FALSE
	EndGlobalSection
	GlobalSection(ExtensibilityGlobals) = postSolution
		SolutionGuid = {D57D9123-F686-4CE5-94E8-C921E4752898}
	EndGlobalSection
EndGlobal
